
Microsoft Visual Studio Solution File, Format Version 12.00
# Visual Studio 15
VisualStudioVersion = 15.0.27428.1
MinimumVisualStudioVersion = 10.0.40219.1
Project("{F184B08F-C81C-45F6-A57F-5ABD9991F28F}") = "StringÖzellikleri", "WindowsApp4\StringÖzellikleri.vbproj", "{83BEEEC5-E376-4708-A58C-00A7FCA80480}"
EndProject
Global
	GlobalSection(SolutionConfigurationPlatforms) = preSolution
		Debug|Any CPU = Debug|Any CPU
		Release|Any CPU = Release|Any CPU
	EndGlobalSection
	GlobalSection(ProjectConfigurationPlatforms) = postSolution
		{83BEEEC5-E376-4708-A58C-00A7FCA80480}.Debug|Any CPU.ActiveCfg = Debug|Any CPU
		{83BEEEC5-E376-4708-A58C-00A7FCA80480}.Debug|Any CPU.Build.0 = Debug|Any CPU
		{83BEEEC5-E376-4708-A58C-00A7FCA80480}.Release|Any CPU.ActiveCfg = Release|Any CPU
		{83BEEEC5-E376-4708-A58C-00A7FCA80480}.Release|Any CPU.Build.0 = Release|Any CPU
	EndGlobalSection
	GlobalSection(SolutionProperties) = preSolution
		HideSolutionNode = FALSE
	EndGlobalSection
	GlobalSection(ExtensibilityGlobals) = postSolution
		SolutionGuid = {DDD71E99-31E0-45BD-9BD5-3DA800E6EFEC}
	EndGlobalSection
EndGlobal
